
Microsoft Visual Studio Solution File, Format Version 12.00
# Visual Studio Version 16
VisualStudioVersion = 16.0.30717.126
MinimumVisualStudioVersion = 10.0.40219.1
Project("{FAE04EC0-301F-11D3-BF4B-00C04F79EFBC}") = "conexion", "conexion.csproj", "{48AE89B2-05C9-41F0-A326-86DF32DA4E37}"
EndProject
Global
	GlobalSection(SolutionConfigurationPlatforms) = preSolution
		Debug|Any CPU = Debug|Any CPU
		Release|Any CPU = Release|Any CPU
	EndGlobalSection
	GlobalSection(ProjectConfigurationPlatforms) = postSolution
		{48AE89B2-05C9-41F0-A326-86DF32DA4E37}.Debug|Any CPU.ActiveCfg = Debug|Any CPU
		{48AE89B2-05C9-41F0-A326-86DF32DA4E37}.Debug|Any CPU.Build.0 = Debug|Any CPU
		{48AE89B2-05C9-41F0-A326-86DF32DA4E37}.Release|Any CPU.ActiveCfg = Release|Any CPU
		{48AE89B2-05C9-41F0-A326-86DF32DA4E37}.Release|Any CPU.Build.0 = Release|Any CPU
	EndGlobalSection
	GlobalSection(SolutionProperties) = preSolution
		HideSolutionNode = FALSE
	EndGlobalSection
	GlobalSection(ExtensibilityGlobals) = postSolution
		SolutionGuid = {A1911909-66E5-4883-A8D2-DD2B2A1A890F}
	EndGlobalSection
EndGlobal
